{
  "nodes": {
    "co-log-effectful": {
      "flake": false,
      "locked": {
        "lastModified": 1761077736,
        "narHash": "sha256-GCwltDhEhteUxs0RLhcEGPKjvtEKr4nNm9w8QTTNfiA=",
        "owner": "eldritch-cookie",
        "repo": "co-log-effectful",
        "rev": "a62ffdad80d11cc513f4e1124b0e07a086fed5fe",
        "type": "github"
      },
      "original": {
        "owner": "eldritch-cookie",
        "repo": "co-log-effectful",
        "type": "github"
      }
    },
    "dashi": {
      "inputs": {
        "fluent-hs": "fluent-hs",
        "ghc-wasm-meta": "ghc-wasm-meta",
        "mdi": "mdi",
        "mdi-webfont": "mdi-webfont",
        "miso": [
          "miso"
        ],
        "miso-diagrams": "miso-diagrams",
        "nix-wasm": "nix-wasm",
        "nixpkgs": [
          "nixpkgs"
        ],
        "web-font-mdi": "web-font-mdi"
      },
      "locked": {
        "lastModified": 1765705878,
        "narHash": "sha256-c/SJdJhbNvi13dgPg+e36oPrzuwDR/2BGtZa4czVI60=",
        "owner": "ners",
        "repo": "dashi",
        "rev": "94c614d725ee215b26e6035e06813f19fdb340b3",
        "type": "github"
      },
      "original": {
        "owner": "ners",
        "repo": "dashi",
        "type": "github"
      }
    },
    "dosh": {
      "inputs": {
        "lsp-client": "lsp-client",
        "nixpkgs": [
          "nixpkgs"
        ],
        "terminal-widgets": "terminal-widgets"
      },
      "locked": {
        "lastModified": 1761470071,
        "narHash": "sha256-laICsLsA7GQsSVPfOZ2zb5lGaLEBwnwEPR8aGzq29OA=",
        "owner": "ners",
        "repo": "dosh",
        "rev": "8b44a5bc5dcf41afa9a8392b51a80c1b58379f4d",
        "type": "github"
      },
      "original": {
        "owner": "ners",
        "ref": "rhine",
        "repo": "dosh",
        "type": "github"
      }
    },
    "dramaturge": {
      "inputs": {
        "nixpkgs": [
          "nixpkgs"
        ]
      },
      "locked": {
        "lastModified": 1764279306,
        "narHash": "sha256-GqLqLP2tM7bvk0DbG0zx+BDeucOJ8zb45dXcPNIyRcg=",
        "owner": "ners",
        "repo": "dramaturge",
        "rev": "7c7a8f8b7764c735225de6770459de1b7e2ae22a",
        "type": "github"
      },
      "original": {
        "owner": "ners",
        "repo": "dramaturge",
        "type": "github"
      }
    },
    "fclabels": {
      "flake": false,
      "locked": {
        "lastModified": 1744790027,
        "narHash": "sha256-VtwupeLeEhX1Tgz4WQxYnjN1JZvcR5AFRHkCGdvED3g=",
        "owner": "GuillaumedeVolpiano",
        "repo": "fclabels",
        "rev": "80285e78f5305599dccad58baa7f74622f249753",
        "type": "github"
      },
      "original": {
        "owner": "GuillaumedeVolpiano",
        "repo": "fclabels",
        "type": "github"
      }
    },
    "fir": {
      "flake": false,
      "locked": {
        "lastModified": 1763068964,
        "narHash": "sha256-YqR3SGzmZWxkj/1nF76qenNiSVJe2l6/bnaR8rUpAig=",
        "owner": "sheaf",
        "repo": "fir",
        "rev": "67661c72dc9e67ff361801e5d3f030bfaf1ff813",
        "type": "gitlab"
      },
      "original": {
        "owner": "sheaf",
        "repo": "fir",
        "type": "gitlab"
      }
    },
    "flake-compat": {
      "locked": {
        "lastModified": 1746162366,
        "narHash": "sha256-5SSSZ/oQkwfcAz/o/6TlejlVGqeK08wyREBQ5qFFPhM=",
        "owner": "nix-community",
        "repo": "flake-compat",
        "rev": "0f158086a2ecdbb138cd0429410e44994f1b7e4b",
        "type": "github"
      },
      "original": {
        "owner": "nix-community",
        "repo": "flake-compat",
        "type": "github"
      }
    },
    "flake-utils": {
      "inputs": {
        "systems": "systems"
      },
      "locked": {
        "lastModified": 1731533236,
        "narHash": "sha256-l0KFg5HjrsfsO/JpG+r7fRrqm12kzFHyUHqHCVpMMbI=",
        "owner": "numtide",
        "repo": "flake-utils",
        "rev": "11707dc2f618dd54ca8739b309ec4fc024de578b",
        "type": "github"
      },
      "original": {
        "owner": "numtide",
        "repo": "flake-utils",
        "type": "github"
      }
    },
    "fluent-hs": {
      "inputs": {
        "nixpkgs": [
          "dashi",
          "nixpkgs"
        ],
        "syntax": "syntax"
      },
      "locked": {
        "lastModified": 1762543126,
        "narHash": "sha256-zkGLHcxNdRsA57LL/4NAvPl4kyvlzVISfh5BRidFWS4=",
        "owner": "ners",
        "repo": "fluent-hs",
        "rev": "d181baa2b7f4209a804618d5019f342c6189d90b",
        "type": "github"
      },
      "original": {
        "owner": "ners",
        "repo": "fluent-hs",
        "type": "github"
      }
    },
    "fraxl": {
      "flake": false,
      "locked": {
        "lastModified": 1714344453,
        "narHash": "sha256-Yw3ZiYnffCwtY5zzJyXT2BspN+Gre3hpkeN3XcM8xIU=",
        "owner": "russellmcc",
        "repo": "fraxl",
        "rev": "d56f76df5a9681693e1bc4bb4c848b571a2f44ab",
        "type": "github"
      },
      "original": {
        "owner": "russellmcc",
        "ref": "bump-dependency-versions",
        "repo": "fraxl",
        "type": "github"
      }
    },
    "ghc-wasm-meta": {
      "inputs": {
        "flake-utils": "flake-utils",
        "nixpkgs": [
          "dashi",
          "nixpkgs"
        ]
      },
      "locked": {
        "host": "gitlab.haskell.org",
        "lastModified": 1762008043,
        "narHash": "sha256-CLVqoTiBeysUdGJeZFPyDNgRVSArrTXEBiGUZZjQYM4=",
        "owner": "ners",
        "repo": "ghc-wasm-meta",
        "rev": "c0c7ca4158cca7d1d3f3afba0eaff725cbd7d1a0",
        "type": "gitlab"
      },
      "original": {
        "host": "gitlab.haskell.org",
        "owner": "ners",
        "ref": "fix-nix-hostPlatform",
        "repo": "ghc-wasm-meta",
        "type": "gitlab"
      }
    },
    "haskell-terminal": {
      "flake": false,
      "locked": {
        "lastModified": 1709159410,
        "narHash": "sha256-BT0ClAsXsZYx9He7oNQQricb3usxwlYBZj713etxRJg=",
        "owner": "ners",
        "repo": "haskell-terminal",
        "rev": "de3c2fe566fe9b655e46b303d7d93442dafff06c",
        "type": "github"
      },
      "original": {
        "owner": "ners",
        "ref": "fix-virtual-terminal-erase",
        "repo": "haskell-terminal",
        "type": "github"
      }
    },
    "hasql-migration": {
      "flake": false,
      "locked": {
        "lastModified": 1739429153,
        "narHash": "sha256-Wrse9oQtz/PooUgO1TinrUX+XbH8ZrLbOzRRVUQOujg=",
        "owner": "Skyfold",
        "repo": "hasql-migration",
        "rev": "85a9f306edf7ecd3028eece43ef6edc338116f75",
        "type": "github"
      },
      "original": {
        "owner": "Skyfold",
        "repo": "hasql-migration",
        "type": "github"
      }
    },
    "haxl": {
      "flake": false,
      "locked": {
        "lastModified": 1761063062,
        "narHash": "sha256-ULQs7KL9fyYxnn9G2weIfSlCM5fMdzNT5dWCciaWHM0=",
        "owner": "facebook",
        "repo": "Haxl",
        "rev": "7652bae93379dee568573d0e92139a443eff3916",
        "type": "github"
      },
      "original": {
        "owner": "facebook",
        "repo": "Haxl",
        "type": "github"
      }
    },
    "imgui": {
      "flake": false,
      "locked": {
        "lastModified": 1719846201,
        "narHash": "sha256-Gw0tquC/BknXl026M6ABVRGSY4Ch5zp9qG8aP9xYc7M=",
        "owner": "ocornut",
        "repo": "imgui",
        "rev": "cb16be3a3fc1f9cd146ae24d52b615f8a05fa93d",
        "type": "github"
      },
      "original": {
        "owner": "ocornut",
        "ref": "v1.90.9",
        "repo": "imgui",
        "type": "github"
      }
    },
    "imgui-hs": {
      "flake": false,
      "locked": {
        "lastModified": 1764191206,
        "narHash": "sha256-A/mmKAnImfbch+DHrRDq5cLsd/C2zJvB5R06p5jTVJc=",
        "owner": "haskell-game",
        "repo": "dear-imgui.hs",
        "rev": "cc1fe60e4e6970aa548c9275b470d94dad7578c6",
        "type": "github"
      },
      "original": {
        "owner": "haskell-game",
        "repo": "dear-imgui.hs",
        "type": "github"
      }
    },
    "inline-rust": {
      "inputs": {
        "language-rust": "language-rust",
        "nixpkgs": [
          "vodozemac",
          "nixpkgs"
        ]
      },
      "locked": {
        "lastModified": 1761467484,
        "narHash": "sha256-eYbG76Ixz0oZBCQ4RgM5UfPsQQLiLKZUqhPsASnXTr4=",
        "owner": "ners",
        "repo": "inline-rust",
        "rev": "337236f3a57c6310888890d75a8b0c7816df324f",
        "type": "github"
      },
      "original": {
        "owner": "ners",
        "ref": "marshalable",
        "repo": "inline-rust",
        "type": "github"
      }
    },
    "ioctl": {
      "flake": false,
      "locked": {
        "lastModified": 1711571746,
        "narHash": "sha256-sgxHN62JYzOPkAq1lKxaKqHgFMhhqq5pb7z7fHPqHoo=",
        "owner": "ners",
        "repo": "ioctl",
        "rev": "c5b96ccd8eb1c6e08a67d5ede90507c425ce8adf",
        "type": "github"
      },
      "original": {
        "owner": "ners",
        "repo": "ioctl",
        "type": "github"
      }
    },
    "kubernetes-client": {
      "flake": false,
      "locked": {
        "lastModified": 1725740839,
        "narHash": "sha256-9UtEcoK+m1qkTMyYyXQujEdWj5CgPw77T/1nm4UMXM0=",
        "owner": "kubernetes-client",
        "repo": "haskell",
        "rev": "212f6de9badd2edfbaaed620bb1247982d777414",
        "type": "github"
      },
      "original": {
        "owner": "kubernetes-client",
        "repo": "haskell",
        "type": "github"
      }
    },
    "langchain-hs": {
      "flake": false,
      "locked": {
        "lastModified": 1763312776,
        "narHash": "sha256-zJYQGb6I37jzauvnuFVQlBBjAHFYdPsB49MkCtQJIrU=",
        "owner": "tusharad",
        "repo": "langchain-hs",
        "rev": "1c25927b6142416e9042f7696c44d0643d0193a8",
        "type": "github"
      },
      "original": {
        "owner": "tusharad",
        "repo": "langchain-hs",
        "type": "github"
      }
    },
    "language-rust": {
      "flake": false,
      "locked": {
        "lastModified": 1736519943,
        "narHash": "sha256-5b4PRIpNCaZiTL3M1DZsKtSJWz5PPmyMpHatB7zBe+M=",
        "owner": "GaloisInc",
        "repo": "language-rust",
        "rev": "f23c2b055217479bd3d1525dc9455d0f8bfcc394",
        "type": "github"
      },
      "original": {
        "owner": "GaloisInc",
        "repo": "language-rust",
        "type": "github"
      }
    },
    "lsp-client": {
      "inputs": {
        "nixpkgs": [
          "dosh",
          "nixpkgs"
        ]
      },
      "locked": {
        "lastModified": 1761468824,
        "narHash": "sha256-ofF1g1I8a2KvQpZ7LCBPoM/YyjU1JhFuLXlYT03ylNc=",
        "owner": "ners",
        "repo": "lsp-client",
        "rev": "e406ee2a3badf2f519e3c4571d44e3765263a893",
        "type": "github"
      },
      "original": {
        "owner": "ners",
        "repo": "lsp-client",
        "type": "github"
      }
    },
    "mdi": {
      "flake": false,
      "locked": {
        "lastModified": 1737338259,
        "narHash": "sha256-QMGl7soAhErrrnY3aKOZpt49yebkSNzy10p/v5OaqQ0=",
        "owner": "Templarian",
        "repo": "MaterialDesign",
        "rev": "2424e748e0cc63ab7b9c095a099b9fe239b737c0",
        "type": "github"
      },
      "original": {
        "owner": "Templarian",
        "repo": "MaterialDesign",
        "type": "github"
      }
    },
    "mdi-webfont": {
      "flake": false,
      "locked": {
        "dir": "fonts",
        "lastModified": 1703636765,
        "narHash": "sha256-xVhKiAJy/2JaP6HEatzpuDwCbFSvPiIhdhM2csMDFbI=",
        "owner": "Templarian",
        "repo": "MaterialDesign-Webfont",
        "rev": "57b567a448bd579892174cd47c47f9e187ea56c6",
        "type": "github"
      },
      "original": {
        "dir": "fonts",
        "owner": "Templarian",
        "repo": "MaterialDesign-Webfont",
        "type": "github"
      }
    },
    "miso": {
      "flake": false,
      "locked": {
        "lastModified": 1765696095,
        "narHash": "sha256-/hnfzGF4eO4PQ8aGUhJ6Aiam7zHM7NeYVCc55ulaF18=",
        "owner": "haskell-miso",
        "repo": "miso",
        "rev": "8595d6b4353534ed8e0ae803592389a91a04460d",
        "type": "github"
      },
      "original": {
        "owner": "haskell-miso",
        "repo": "miso",
        "type": "github"
      }
    },
    "miso-diagrams": {
      "flake": false,
      "locked": {
        "lastModified": 1765453822,
        "narHash": "sha256-NZzNf0zZm0zBGoQCAbkpRHyy91NNK0mkUcYam/eM09I=",
        "owner": "haskell-miso",
        "repo": "miso-diagrams",
        "rev": "fda181ecc1750af7f9775e6f016ccd9cb4444d83",
        "type": "github"
      },
      "original": {
        "owner": "haskell-miso",
        "repo": "miso-diagrams",
        "type": "github"
      }
    },
    "nix-wasm": {
      "inputs": {
        "flake-compat": "flake-compat",
        "ghc-wasm-meta": [
          "dashi",
          "ghc-wasm-meta"
        ],
        "nixpkgs": [
          "dashi",
          "nixpkgs"
        ]
      },
      "locked": {
        "lastModified": 1761179589,
        "narHash": "sha256-0zdglW/k69776yOm2GKFyaPmVuDdK/+btYdyOBQl8Ho=",
        "owner": "ners",
        "repo": "nix-wasm",
        "rev": "8d2ae2ae3fde757c41c9457e53d990002a393191",
        "type": "github"
      },
      "original": {
        "owner": "ners",
        "repo": "nix-wasm",
        "type": "github"
      }
    },
    "nixpkgs": {
      "locked": {
        "lastModified": 1765472234,
        "narHash": "sha256-9VvC20PJPsleGMewwcWYKGzDIyjckEz8uWmT0vCDYK0=",
        "owner": "nixos",
        "repo": "nixpkgs",
        "rev": "2fbfb1d73d239d2402a8fe03963e37aab15abe8b",
        "type": "github"
      },
      "original": {
        "owner": "nixos",
        "ref": "nixos-unstable",
        "repo": "nixpkgs",
        "type": "github"
      }
    },
    "ollama-haskell": {
      "flake": false,
      "locked": {
        "lastModified": 1758718846,
        "narHash": "sha256-BmC8nBAN6PcGLsBFQhKlOu3/OG693w/5CAsMdVkb2nc=",
        "owner": "tusharad",
        "repo": "ollama-haskell",
        "rev": "33807a3a5a507e99d92b26e245c0aed582fde581",
        "type": "github"
      },
      "original": {
        "owner": "tusharad",
        "repo": "ollama-haskell",
        "type": "github"
      }
    },
    "opus": {
      "flake": false,
      "locked": {
        "lastModified": 1747344527,
        "narHash": "sha256-Q3gLwQjhllpSodO7kOChKIO0vKEB8gv6IrPT3cwgwuM=",
        "owner": "yutotakano",
        "repo": "opus",
        "rev": "86b1f3ab5797cef0277a8cc4368dc5d1314e160e",
        "type": "github"
      },
      "original": {
        "owner": "yutotakano",
        "repo": "opus",
        "type": "github"
      }
    },
    "postgres-effectful": {
      "flake": false,
      "locked": {
        "lastModified": 1734782612,
        "narHash": "sha256-t8PlpYq8d0I95sKNtJ0MJo9ZWrxGdyFgHuPWII84ncE=",
        "owner": "sekunho",
        "repo": "postgres-effectful",
        "rev": "1d138bcdfe599637ce1ce29494b085b541a3cc8e",
        "type": "github"
      },
      "original": {
        "owner": "sekunho",
        "repo": "postgres-effectful",
        "type": "github"
      }
    },
    "pup": {
      "flake": false,
      "locked": {
        "lastModified": 1758508112,
        "narHash": "sha256-pu7qYMPr9/9Ph0y1bnadQgsWV2iz9yPv6xUgRoc/DEA=",
        "owner": "tweag",
        "repo": "pup",
        "rev": "42808c80a87886ee50869bc52b5c4108706c3539",
        "type": "github"
      },
      "original": {
        "owner": "tweag",
        "repo": "pup",
        "type": "github"
      }
    },
    "rhine": {
      "inputs": {
        "nixpkgs": [
          "nixpkgs"
        ]
      },
      "locked": {
        "lastModified": 1761499031,
        "narHash": "sha256-2l7i7RrOEsJT+kz1eSrE+kwt5Gvu1TepSJ5E9TAIEXE=",
        "owner": "ners",
        "repo": "rhine",
        "rev": "fb46748cd05fa8fd3b9615a4d85f23f6545f54b7",
        "type": "github"
      },
      "original": {
        "owner": "ners",
        "ref": "update",
        "repo": "rhine",
        "type": "github"
      }
    },
    "rhine-chat": {
      "inputs": {
        "nixpkgs": [
          "nixpkgs"
        ]
      },
      "locked": {
        "lastModified": 1761471976,
        "narHash": "sha256-7IniMuAOqP3XCSk/MqRO4ICxLe8bHm3ZZQ70Y2ZZres=",
        "owner": "ners",
        "repo": "rhine-chat",
        "rev": "cdeb69fa9c85830fe82f81359b7885195edc162e",
        "type": "github"
      },
      "original": {
        "owner": "ners",
        "repo": "rhine-chat",
        "type": "github"
      }
    },
    "rhine-linux": {
      "inputs": {
        "ioctl": "ioctl",
        "nixpkgs": [
          "nixpkgs"
        ]
      },
      "locked": {
        "lastModified": 1761403109,
        "narHash": "sha256-QswZvDnP6Abqz3OLuO8Q/PcR1g30S+oph7xORknamR0=",
        "owner": "ners",
        "repo": "rhine-linux",
        "rev": "c72f3394fdd0be3975a70630ab8b3177ecaa0721",
        "type": "github"
      },
      "original": {
        "owner": "ners",
        "repo": "rhine-linux",
        "type": "github"
      }
    },
    "rhine-sdl2": {
      "inputs": {
        "nixpkgs": [
          "nixpkgs"
        ]
      },
      "locked": {
        "lastModified": 1761475381,
        "narHash": "sha256-59gPZLcWsYrfeQ+0Wt0uCbtTtj6/GzK++l91PC6V/uk=",
        "owner": "ners",
        "repo": "rhine-sdl2",
        "rev": "f891e275222d541eef0e7d46a25e42b264f380ef",
        "type": "github"
      },
      "original": {
        "owner": "ners",
        "repo": "rhine-sdl2",
        "type": "github"
      }
    },
    "root": {
      "inputs": {
        "co-log-effectful": "co-log-effectful",
        "dashi": "dashi",
        "dosh": "dosh",
        "dramaturge": "dramaturge",
        "fclabels": "fclabels",
        "fir": "fir",
        "fraxl": "fraxl",
        "hasql-migration": "hasql-migration",
        "haxl": "haxl",
        "imgui": "imgui",
        "imgui-hs": "imgui-hs",
        "kubernetes-client": "kubernetes-client",
        "langchain-hs": "langchain-hs",
        "miso": "miso",
        "nixpkgs": "nixpkgs",
        "ollama-haskell": "ollama-haskell",
        "opus": "opus",
        "postgres-effectful": "postgres-effectful",
        "pup": "pup",
        "rhine": "rhine",
        "rhine-chat": "rhine-chat",
        "rhine-linux": "rhine-linux",
        "rhine-sdl2": "rhine-sdl2",
        "servant-effectful": "servant-effectful",
        "stacked": "stacked",
        "stroll": "stroll",
        "syntax": "syntax_2",
        "vodozemac": "vodozemac"
      }
    },
    "semi-iso": {
      "inputs": {
        "nixpkgs": [
          "dashi",
          "fluent-hs",
          "syntax",
          "nixpkgs"
        ]
      },
      "locked": {
        "lastModified": 1760465104,
        "narHash": "sha256-Cit2tXFeEv7EhAQ7xYwR++AobYrP+fDlqYgHEDlHrvI=",
        "owner": "ners",
        "repo": "semi-iso",
        "rev": "27b845c5209f59bf8d3ed75ec3ced668e8415989",
        "type": "github"
      },
      "original": {
        "owner": "ners",
        "repo": "semi-iso",
        "type": "github"
      }
    },
    "semi-iso_2": {
      "inputs": {
        "nixpkgs": [
          "syntax",
          "nixpkgs"
        ]
      },
      "locked": {
        "lastModified": 1729358745,
        "narHash": "sha256-ajXX+DhENGu7j34wnNb4bFCzbq9NkAj7NnDvKiQseLw=",
        "owner": "ners",
        "repo": "semi-iso",
        "rev": "f679110925cac46c0205880081822972236543ab",
        "type": "github"
      },
      "original": {
        "owner": "ners",
        "repo": "semi-iso",
        "type": "github"
      }
    },
    "servant-effectful": {
      "flake": false,
      "locked": {
        "lastModified": 1752158470,
        "narHash": "sha256-kiCVdD4D6SlJ2nMAotwziQ/38u6gWhVpyE3VQJ+xKKw=",
        "owner": "Diamondy4",
        "repo": "servant-effectful",
        "rev": "916735cf75cbdeff252e2bbff48bed1d0d64a0dd",
        "type": "github"
      },
      "original": {
        "owner": "Diamondy4",
        "repo": "servant-effectful",
        "type": "github"
      }
    },
    "stacked": {
      "flake": false,
      "locked": {
        "lastModified": 1758273620,
        "narHash": "sha256-XKXK3L4P9Wi6NWRKQBNilpEr35E7MZ5I+aEf/wu2QuM=",
        "owner": "tweag",
        "repo": "stacked",
        "rev": "82ac6288e21ce5b1d26908faf13309ef056d2fbd",
        "type": "github"
      },
      "original": {
        "owner": "tweag",
        "repo": "stacked",
        "type": "github"
      }
    },
    "stroll": {
      "flake": false,
      "locked": {
        "lastModified": 1685225161,
        "narHash": "sha256-WHYRRiC/9PE4qwfS/Q5QaqPIGaVvfIP+oq0tmj8qdtY=",
        "owner": "snowleopard",
        "repo": "stroll",
        "rev": "c152ec572ee51acb0bcffa6ba96c9de8bb144e48",
        "type": "github"
      },
      "original": {
        "owner": "snowleopard",
        "repo": "stroll",
        "type": "github"
      }
    },
    "syntax": {
      "inputs": {
        "nixpkgs": [
          "dashi",
          "fluent-hs",
          "nixpkgs"
        ],
        "semi-iso": "semi-iso"
      },
      "locked": {
        "lastModified": 1760465267,
        "narHash": "sha256-w8a6W+XBbXqB2xU+LVcFx0JRy1cGDFRP1eHSzg6FIyw=",
        "owner": "ners",
        "repo": "syntax",
        "rev": "a543a749281dbe378e19aa7cc21bef761c0b3090",
        "type": "github"
      },
      "original": {
        "owner": "ners",
        "repo": "syntax",
        "type": "github"
      }
    },
    "syntax_2": {
      "inputs": {
        "nixpkgs": [
          "nixpkgs"
        ],
        "semi-iso": "semi-iso_2"
      },
      "locked": {
        "lastModified": 1741645381,
        "narHash": "sha256-0+ydUvhkG8dlF43NBAalsPZvn7Vx6cBW+TRIUsT8kw4=",
        "owner": "ners",
        "repo": "syntax",
        "rev": "dd6380654b8a6e5615bd661ea60b9a626eb0fe35",
        "type": "github"
      },
      "original": {
        "owner": "ners",
        "ref": "bytes",
        "repo": "syntax",
        "type": "github"
      }
    },
    "systems": {
      "locked": {
        "lastModified": 1681028828,
        "narHash": "sha256-Vy1rq5AaRuLzOxct8nz4T6wlgyUR7zLU309k9mBC768=",
        "owner": "nix-systems",
        "repo": "default",
        "rev": "da67096a3b9bf56a91d16901293e51ba5b49a27e",
        "type": "github"
      },
      "original": {
        "owner": "nix-systems",
        "repo": "default",
        "type": "github"
      }
    },
    "terminal-widgets": {
      "inputs": {
        "haskell-terminal": "haskell-terminal",
        "nixpkgs": [
          "dosh",
          "nixpkgs"
        ],
        "text-rope-zipper": "text-rope-zipper"
      },
      "locked": {
        "lastModified": 1761402697,
        "narHash": "sha256-jGVOHAA8OdwBRztqVPlef1nnlO3rDo3Zzwt1vlKIQ3Q=",
        "owner": "ners",
        "repo": "terminal-widgets",
        "rev": "e4b821f7c25fe60c9d86ed82f552c689640b3b1a",
        "type": "github"
      },
      "original": {
        "owner": "ners",
        "repo": "terminal-widgets",
        "type": "github"
      }
    },
    "text-rope-zipper": {
      "inputs": {
        "nixpkgs": [
          "dosh",
          "terminal-widgets",
          "nixpkgs"
        ]
      },
      "locked": {
        "lastModified": 1761400309,
        "narHash": "sha256-MPP0aSI/NPRUmGB5grQ0cSrGKKsvBQSVfs7gtdVvN5Y=",
        "owner": "ners",
        "repo": "text-rope-zipper",
        "rev": "a1c42b88eb2ad875020a69ce34ec1e58b8f741b5",
        "type": "github"
      },
      "original": {
        "owner": "ners",
        "repo": "text-rope-zipper",
        "type": "github"
      }
    },
    "vodozemac": {
      "inputs": {
        "inline-rust": "inline-rust",
        "nixpkgs": [
          "nixpkgs"
        ]
      },
      "locked": {
        "lastModified": 1761470219,
        "narHash": "sha256-2vs9aKCs2ecG3e9EMncMBo9o0QjK9fQDPRrNyzvNlAQ=",
        "owner": "ners",
        "repo": "vodozemac-haskell",
        "rev": "313e6568a6883b6ce8fe59082eb2afb5879b89b4",
        "type": "github"
      },
      "original": {
        "owner": "ners",
        "repo": "vodozemac-haskell",
        "type": "github"
      }
    },
    "web-font-mdi": {
      "inputs": {
        "mdi": [
          "dashi",
          "mdi"
        ],
        "nixpkgs": [
          "dashi",
          "nixpkgs"
        ]
      },
      "locked": {
        "lastModified": 1760476982,
        "narHash": "sha256-cAI06jFZMVpOGc1ST6QE13UcgSQCDVk2IFZNPnZW4yo=",
        "owner": "ners",
        "repo": "web-font-mdi",
        "rev": "d27445551da07b18c6d300e81d23c4658a43cc53",
        "type": "github"
      },
      "original": {
        "owner": "ners",
        "repo": "web-font-mdi",
        "type": "github"
      }
    }
  },
  "root": "root",
  "version": 7
}
