{
  "nodes": {
    "co-log-effectful": {
      "flake": false,
      "locked": {
        "lastModified": 1738358259,
        "narHash": "sha256-V+JiNh+GY4OC+uEp4AeX6wYMzsj5JJAqnrraXn1T8kg=",
        "owner": "eldritch-cookie",
        "repo": "co-log-effectful",
        "rev": "be451264f0637804368fba1751ed7bc8606eefc6",
        "type": "github"
      },
      "original": {
        "owner": "eldritch-cookie",
        "repo": "co-log-effectful",
        "type": "github"
      }
    },
    "dosh": {
      "inputs": {
        "lsp-client": "lsp-client",
        "nixpkgs": [
          "nixpkgs"
        ],
        "rhine": [
          "rhine"
        ],
        "terminal-widgets": "terminal-widgets"
      },
      "locked": {
        "lastModified": 1735213747,
        "narHash": "sha256-mcoP0PfMnbTfw+M9BGFHZAOi4i2iPJuxWVFB/l0+sWE=",
        "owner": "ners",
        "repo": "dosh",
        "rev": "11ff46325a9784b2e20eb1e0d387429e94137386",
        "type": "github"
      },
      "original": {
        "owner": "ners",
        "ref": "rhine",
        "repo": "dosh",
        "type": "github"
      }
    },
    "fir": {
      "flake": false,
      "locked": {
        "lastModified": 1697729429,
        "narHash": "sha256-pO5VMk7GqRZgtAf1FPgaQs5h8seIWH27GkNicFudTaA=",
        "ref": "refs/heads/master",
        "rev": "68246862ca7867ad4fa3a6f17ff63ce6be1271e3",
        "revCount": 340,
        "type": "git",
        "url": "https://gitlab.com/sheaf/fir.git"
      },
      "original": {
        "type": "git",
        "url": "https://gitlab.com/sheaf/fir.git"
      }
    },
    "fraxl": {
      "flake": false,
      "locked": {
        "lastModified": 1714344453,
        "narHash": "sha256-Yw3ZiYnffCwtY5zzJyXT2BspN+Gre3hpkeN3XcM8xIU=",
        "owner": "russellmcc",
        "repo": "fraxl",
        "rev": "d56f76df5a9681693e1bc4bb4c848b571a2f44ab",
        "type": "github"
      },
      "original": {
        "owner": "russellmcc",
        "ref": "bump-dependency-versions",
        "repo": "fraxl",
        "type": "github"
      }
    },
    "haskell-terminal": {
      "flake": false,
      "locked": {
        "lastModified": 1709159410,
        "narHash": "sha256-BT0ClAsXsZYx9He7oNQQricb3usxwlYBZj713etxRJg=",
        "owner": "ners",
        "repo": "haskell-terminal",
        "rev": "de3c2fe566fe9b655e46b303d7d93442dafff06c",
        "type": "github"
      },
      "original": {
        "owner": "ners",
        "ref": "fix-virtual-terminal-erase",
        "repo": "haskell-terminal",
        "type": "github"
      }
    },
    "imgui": {
      "flake": false,
      "locked": {
        "lastModified": 1719846201,
        "narHash": "sha256-Gw0tquC/BknXl026M6ABVRGSY4Ch5zp9qG8aP9xYc7M=",
        "owner": "ocornut",
        "repo": "imgui",
        "rev": "cb16be3a3fc1f9cd146ae24d52b615f8a05fa93d",
        "type": "github"
      },
      "original": {
        "owner": "ocornut",
        "ref": "v1.90.9",
        "repo": "imgui",
        "type": "github"
      }
    },
    "imgui-hs": {
      "flake": false,
      "locked": {
        "lastModified": 1727880974,
        "narHash": "sha256-xqmWOOlQpnvbXg2ROPscogcgMMnS4a4HyyKpITXev0s=",
        "owner": "haskell-game",
        "repo": "dear-imgui.hs",
        "rev": "3526e6f70a0e0685a9a607d577480480f88e54db",
        "type": "github"
      },
      "original": {
        "owner": "haskell-game",
        "repo": "dear-imgui.hs",
        "type": "github"
      }
    },
    "inline-rust": {
      "inputs": {
        "language-rust": "language-rust",
        "nixpkgs": [
          "vodozemac",
          "nixpkgs"
        ]
      },
      "locked": {
        "lastModified": 1740342643,
        "narHash": "sha256-SXPW/vzoidiYq73Cj92gNdxr0IQ+94o4Vp4MzFiuGog=",
        "owner": "ners",
        "repo": "inline-rust",
        "rev": "ae75275a61f8630c8f8aace0a4b60a9a13981e49",
        "type": "github"
      },
      "original": {
        "owner": "ners",
        "ref": "marshalable",
        "repo": "inline-rust",
        "type": "github"
      }
    },
    "ioctl": {
      "flake": false,
      "locked": {
        "lastModified": 1711571746,
        "narHash": "sha256-sgxHN62JYzOPkAq1lKxaKqHgFMhhqq5pb7z7fHPqHoo=",
        "owner": "ners",
        "repo": "ioctl",
        "rev": "c5b96ccd8eb1c6e08a67d5ede90507c425ce8adf",
        "type": "github"
      },
      "original": {
        "owner": "ners",
        "repo": "ioctl",
        "type": "github"
      }
    },
    "kubernetes-client": {
      "flake": false,
      "locked": {
        "lastModified": 1725740839,
        "narHash": "sha256-9UtEcoK+m1qkTMyYyXQujEdWj5CgPw77T/1nm4UMXM0=",
        "owner": "kubernetes-client",
        "repo": "haskell",
        "rev": "212f6de9badd2edfbaaed620bb1247982d777414",
        "type": "github"
      },
      "original": {
        "owner": "kubernetes-client",
        "repo": "haskell",
        "type": "github"
      }
    },
    "language-rust": {
      "flake": false,
      "locked": {
        "lastModified": 1736519943,
        "narHash": "sha256-5b4PRIpNCaZiTL3M1DZsKtSJWz5PPmyMpHatB7zBe+M=",
        "owner": "GaloisInc",
        "repo": "language-rust",
        "rev": "f23c2b055217479bd3d1525dc9455d0f8bfcc394",
        "type": "github"
      },
      "original": {
        "owner": "GaloisInc",
        "repo": "language-rust",
        "type": "github"
      }
    },
    "lsp-client": {
      "inputs": {
        "nixpkgs": [
          "dosh",
          "nixpkgs"
        ]
      },
      "locked": {
        "lastModified": 1733862950,
        "narHash": "sha256-N5Ligp6yy3o629u1/7ZBZ+1IiQZiVNgrM/L0pXzKbLE=",
        "owner": "ners",
        "repo": "lsp-client",
        "rev": "bdaa67fe88e1b5717e338e265ff941455562fe10",
        "type": "github"
      },
      "original": {
        "owner": "ners",
        "repo": "lsp-client",
        "type": "github"
      }
    },
    "matrix-client": {
      "flake": false,
      "locked": {
        "lastModified": 1730509407,
        "narHash": "sha256-JuaiPYDrTcJGLbbdldA+JPb9YqF4cFPMtFHhsWgi3Mo=",
        "owner": "ners",
        "repo": "matrix-client-haskell",
        "rev": "47b42a4db7ac4e64f14fc95f4036c25f29559016",
        "type": "github"
      },
      "original": {
        "owner": "ners",
        "repo": "matrix-client-haskell",
        "type": "github"
      }
    },
    "monad-schedule": {
      "inputs": {
        "nixpkgs": [
          "rhine",
          "nixpkgs"
        ]
      },
      "locked": {
        "lastModified": 1731107003,
        "narHash": "sha256-au6hQM8V4lZtYiwYZl88pAr7xNtFit3pQR0AXvUTuyo=",
        "owner": "turion",
        "repo": "monad-schedule",
        "rev": "f6651c56975bd9e126b9d1d5c8eed0a304d38a30",
        "type": "github"
      },
      "original": {
        "owner": "turion",
        "repo": "monad-schedule",
        "type": "github"
      }
    },
    "nixpkgs": {
      "locked": {
        "lastModified": 1743583204,
        "narHash": "sha256-F7n4+KOIfWrwoQjXrL2wD9RhFYLs2/GGe/MQY1sSdlE=",
        "owner": "nixos",
        "repo": "nixpkgs",
        "rev": "2c8d3f48d33929642c1c12cd243df4cc7d2ce434",
        "type": "github"
      },
      "original": {
        "owner": "nixos",
        "ref": "nixos-unstable",
        "repo": "nixpkgs",
        "type": "github"
      }
    },
    "opus": {
      "flake": false,
      "locked": {
        "lastModified": 1743282956,
        "narHash": "sha256-FtciXl7PUoL52OgUB/taxSziWx0vz65LiOyqvX5VlUY=",
        "owner": "yutotakano",
        "repo": "opus",
        "rev": "78c604d0552bd74da7a25e6b54a8209bcb5d58ba",
        "type": "github"
      },
      "original": {
        "owner": "yutotakano",
        "repo": "opus",
        "type": "github"
      }
    },
    "rhine": {
      "inputs": {
        "monad-schedule": "monad-schedule",
        "nixpkgs": [
          "nixpkgs"
        ]
      },
      "locked": {
        "lastModified": 1741881354,
        "narHash": "sha256-N9XLWBQdgUZofwuRunSkZ0J2ZTgI/aKJhDNp459PA/A=",
        "owner": "turion",
        "repo": "rhine",
        "rev": "f6bd41ee06460983280bfc00320ca65a0ade2b3e",
        "type": "github"
      },
      "original": {
        "owner": "turion",
        "repo": "rhine",
        "type": "github"
      }
    },
    "rhine-chat": {
      "inputs": {
        "matrix-client": "matrix-client",
        "nixpkgs": [
          "nixpkgs"
        ],
        "rhine": [
          "rhine"
        ],
        "vodozemac": [
          "vodozemac"
        ]
      },
      "locked": {
        "lastModified": 1731657489,
        "narHash": "sha256-o+8+DP5cXOyKXvdU+tb6N+0A6wfGEsgSqenK4T9v2tw=",
        "owner": "ners",
        "repo": "rhine-chat",
        "rev": "add4d33de920339273e7ebc858a9305d359c25aa",
        "type": "github"
      },
      "original": {
        "owner": "ners",
        "repo": "rhine-chat",
        "type": "github"
      }
    },
    "rhine-linux": {
      "inputs": {
        "ioctl": "ioctl",
        "nixpkgs": [
          "nixpkgs"
        ],
        "rhine": [
          "rhine"
        ]
      },
      "locked": {
        "lastModified": 1743848295,
        "narHash": "sha256-Ow+A1ZCx06rj95AGNyiGRS9LJWox4+9/AVjOOEU3kBI=",
        "owner": "ners",
        "repo": "rhine-linux",
        "rev": "8e63f3c8d73999211cbbb91842267de9ee504f09",
        "type": "github"
      },
      "original": {
        "owner": "ners",
        "repo": "rhine-linux",
        "type": "github"
      }
    },
    "rhine-sdl2": {
      "inputs": {
        "nixpkgs": [
          "nixpkgs"
        ],
        "rhine": [
          "rhine"
        ]
      },
      "locked": {
        "lastModified": 1715627396,
        "narHash": "sha256-jsd7mHa0JxmP1LsUDp/uTUzi0+iv1cmfgoo70GjbLDI=",
        "owner": "ners",
        "repo": "rhine-sdl2",
        "rev": "80a50388e61c1fa1bd2ea76870203334f2b3c7c4",
        "type": "github"
      },
      "original": {
        "owner": "ners",
        "ref": "rhine-kobl",
        "repo": "rhine-sdl2",
        "type": "github"
      }
    },
    "root": {
      "inputs": {
        "co-log-effectful": "co-log-effectful",
        "dosh": "dosh",
        "fir": "fir",
        "fraxl": "fraxl",
        "imgui": "imgui",
        "imgui-hs": "imgui-hs",
        "kubernetes-client": "kubernetes-client",
        "nixpkgs": "nixpkgs",
        "opus": "opus",
        "rhine": "rhine",
        "rhine-chat": "rhine-chat",
        "rhine-linux": "rhine-linux",
        "rhine-sdl2": "rhine-sdl2",
        "servant-effectful": "servant-effectful",
        "stroll": "stroll",
        "syntax": "syntax",
        "vodozemac": "vodozemac",
        "wai-middleware-auth": "wai-middleware-auth",
        "wreq-effectful": "wreq-effectful"
      }
    },
    "semi-iso": {
      "inputs": {
        "nixpkgs": [
          "syntax",
          "nixpkgs"
        ]
      },
      "locked": {
        "lastModified": 1729358745,
        "narHash": "sha256-ajXX+DhENGu7j34wnNb4bFCzbq9NkAj7NnDvKiQseLw=",
        "owner": "ners",
        "repo": "semi-iso",
        "rev": "f679110925cac46c0205880081822972236543ab",
        "type": "github"
      },
      "original": {
        "owner": "ners",
        "repo": "semi-iso",
        "type": "github"
      }
    },
    "servant-effectful": {
      "flake": false,
      "locked": {
        "lastModified": 1716980599,
        "narHash": "sha256-3mgvO6CJoPqmkLo4qYEWsJG30+FFXumIAjMUyQqfyhQ=",
        "owner": "Diamondy4",
        "repo": "servant-effectful",
        "rev": "e4b1e1e80cbeee939dae78175b5883bb79497908",
        "type": "github"
      },
      "original": {
        "owner": "Diamondy4",
        "repo": "servant-effectful",
        "type": "github"
      }
    },
    "stroll": {
      "flake": false,
      "locked": {
        "lastModified": 1685225161,
        "narHash": "sha256-WHYRRiC/9PE4qwfS/Q5QaqPIGaVvfIP+oq0tmj8qdtY=",
        "owner": "snowleopard",
        "repo": "stroll",
        "rev": "c152ec572ee51acb0bcffa6ba96c9de8bb144e48",
        "type": "github"
      },
      "original": {
        "owner": "snowleopard",
        "repo": "stroll",
        "type": "github"
      }
    },
    "syntax": {
      "inputs": {
        "nixpkgs": [
          "nixpkgs"
        ],
        "semi-iso": "semi-iso"
      },
      "locked": {
        "lastModified": 1741645381,
        "narHash": "sha256-0+ydUvhkG8dlF43NBAalsPZvn7Vx6cBW+TRIUsT8kw4=",
        "owner": "ners",
        "repo": "syntax",
        "rev": "dd6380654b8a6e5615bd661ea60b9a626eb0fe35",
        "type": "github"
      },
      "original": {
        "owner": "ners",
        "ref": "bytes",
        "repo": "syntax",
        "type": "github"
      }
    },
    "terminal-widgets": {
      "inputs": {
        "haskell-terminal": "haskell-terminal",
        "nixpkgs": [
          "dosh",
          "nixpkgs"
        ],
        "text-rope-zipper": "text-rope-zipper"
      },
      "locked": {
        "lastModified": 1722190697,
        "narHash": "sha256-XoLugIypFEy92wrtPZcUd1zF1xuh/WLfHT/r72jgonI=",
        "owner": "ners",
        "repo": "terminal-widgets",
        "rev": "fe5f624cc06721dfd7fd633a263bd72905d91be4",
        "type": "github"
      },
      "original": {
        "owner": "ners",
        "repo": "terminal-widgets",
        "type": "github"
      }
    },
    "text-rope-zipper": {
      "inputs": {
        "nixpkgs": [
          "dosh",
          "terminal-widgets",
          "nixpkgs"
        ]
      },
      "locked": {
        "lastModified": 1722189394,
        "narHash": "sha256-qtqSs7p12tqSFS0EeNLaC5JNINvijh9uuNKkXDu8dJE=",
        "owner": "ners",
        "repo": "text-rope-zipper",
        "rev": "a69b784c98dc2bdee903380e5cb59c7474ab924f",
        "type": "github"
      },
      "original": {
        "owner": "ners",
        "repo": "text-rope-zipper",
        "type": "github"
      }
    },
    "vodozemac": {
      "inputs": {
        "inline-rust": "inline-rust",
        "nixpkgs": [
          "nixpkgs"
        ]
      },
      "locked": {
        "lastModified": 1740343923,
        "narHash": "sha256-3Fo6a2wG5qlHoAm2DHVNTHOtX5tt2ML5f45QXYugGYg=",
        "owner": "ners",
        "repo": "vodozemac-haskell",
        "rev": "7c766f4fbecf4870286e811542d79861949c0a71",
        "type": "github"
      },
      "original": {
        "owner": "ners",
        "repo": "vodozemac-haskell",
        "type": "github"
      }
    },
    "wai-middleware-auth": {
      "flake": false,
      "locked": {
        "lastModified": 1723488966,
        "narHash": "sha256-LRwynvAkwXrhdvlXkxKUDXt3BJNbHdPCpu47IUL5z2g=",
        "owner": "NoRedInk",
        "repo": "wai-middleware-auth",
        "rev": "f317030d8c7e66d2df6f170a3d30ffdf49f45890",
        "type": "github"
      },
      "original": {
        "owner": "NoRedInk",
        "repo": "wai-middleware-auth",
        "type": "github"
      }
    },
    "wreq-effectful": {
      "flake": false,
      "locked": {
        "lastModified": 1734731007,
        "narHash": "sha256-eVR0tc9fG//S/DuLnXQF/DyTZ2PJPfEbO9e/Wp2QwGg=",
        "owner": "The1Penguin",
        "repo": "wreq-effectful",
        "rev": "5266a5fe20af01f3e018d54cc03dc259b8d3aa23",
        "type": "github"
      },
      "original": {
        "owner": "The1Penguin",
        "repo": "wreq-effectful",
        "type": "github"
      }
    }
  },
  "root": "root",
  "version": 7
}
